<?xml version="1.0" encoding="utf-8"?>
<Project ToolsVersion="4.0" xmlns="http://schemas.microsoft.com/developer/msbuild/2003">
  <ItemGroup>
    <Filter Include="Source Files">
      <UniqueIdentifier>{4FC737F1-C7A5-4376-A066-2A32D752A2FF}</UniqueIdentifier>
      <Extensions>cpp;c;cc;cxx;c++;cppm;ixx;def;odl;idl;hpj;bat;asm;asmx</Extensions>
    </Filter>
    <Filter Include="Header Files">
      <UniqueIdentifier>{93995380-89BD-4b04-88EB-625FBE52EBFB}</UniqueIdentifier>
      <Extensions>h;hh;hpp;hxx;h++;hm;inl;inc;ipp;xsd</Extensions>
    </Filter>
    <Filter Include="Resource Files">
      <UniqueIdentifier>{67DA6AB6-F800-4c08-8B7A-83BB121AAD01}</UniqueIdentifier>
      <Extensions>rc;ico;cur;bmp;dlg;rc2;rct;bin;rgs;gif;jpg;jpeg;jpe;resx;tiff;tif;png;wav;mfcribbon-ms</Extensions>
    </Filter>
    <Filter Include="Source Files\Game Engine">
      <UniqueIdentifier>{2a7e8146-507a-480a-a6df-514ca5b7162b}</UniqueIdentifier>
    </Filter>
    <Filter Include="Source Files\Game">
      <UniqueIdentifier>{7a794419-85d2-4ddd-8ab7-11ba0c972b00}</UniqueIdentifier>
    </Filter>
    <Filter Include="Source Files\Game\Assets">
      <UniqueIdentifier>{26351f77-6d3b-42f5-b463-05c866bcd8e7}</UniqueIdentifier>
    </Filter>
    <Filter Include="Source Files\Game\Assets\Super">
      <UniqueIdentifier>{73f760b4-991c-4dbb-b951-7992387d6ab2}</UniqueIdentifier>
    </Filter>
    <Filter Include="Source Files\Game\Assets\Entities">
      <UniqueIdentifier>{16607461-6b5c-44ae-ab56-3404d8912dae}</UniqueIdentifier>
    </Filter>
    <Filter Include="Source Files\Game\Assets\Items">
      <UniqueIdentifier>{03a57ab5-3cdc-45ea-bc51-9b9aa35b37a1}</UniqueIdentifier>
    </Filter>
    <Filter Include="Source Files\Game\Assets\Magic">
      <UniqueIdentifier>{d7a9abeb-1e68-4eb3-8b6e-a0fd63f03a61}</UniqueIdentifier>
    </Filter>
    <Filter Include="Source Files\Game\Assets\Menu">
      <UniqueIdentifier>{f2199109-160f-4a4f-8dce-716656adbe84}</UniqueIdentifier>
    </Filter>
    <Filter Include="Source Files\Game\Assets\Shops">
      <UniqueIdentifier>{859d36c8-c218-4c1d-b18f-b48e8670af5d}</UniqueIdentifier>
    </Filter>
    <Filter Include="Source Files\Game\Assets\Terrains">
      <UniqueIdentifier>{5b0a083f-e146-48d8-bd95-a7c2ec28d22d}</UniqueIdentifier>
    </Filter>
    <Filter Include="Header Files\Game Engine">
      <UniqueIdentifier>{866a391f-c064-4ad1-8f6d-44efeb16e55f}</UniqueIdentifier>
    </Filter>
    <Filter Include="Header Files\Resource">
      <UniqueIdentifier>{38140a42-d534-4d61-80e4-ac171292abaf}</UniqueIdentifier>
    </Filter>
    <Filter Include="Header Files\Game">
      <UniqueIdentifier>{f839f4a5-9cfe-478e-9973-d909004686f0}</UniqueIdentifier>
    </Filter>
    <Filter Include="Header Files\Game\Assets">
      <UniqueIdentifier>{9eff51ff-78d9-42ce-a480-512384f3b9e1}</UniqueIdentifier>
    </Filter>
    <Filter Include="Header Files\Game\Assets\Super">
      <UniqueIdentifier>{5fd42d82-6129-4051-ac86-9e3d8199473e}</UniqueIdentifier>
    </Filter>
  </ItemGroup>
  <ItemGroup>
    <ClCompile Include="Source.cpp">
      <Filter>Source Files</Filter>
    </ClCompile>
    <ClCompile Include="Controller.cpp">
      <Filter>Source Files\Game Engine</Filter>
    </ClCompile>
    <ClCompile Include="Engine.cpp">
      <Filter>Source Files\Game Engine</Filter>
    </ClCompile>
    <ClCompile Include="Screen.cpp">
      <Filter>Source Files\Game Engine</Filter>
    </ClCompile>
    <ClCompile Include="Field.cpp">
      <Filter>Resource Files</Filter>
    </ClCompile>
    <ClCompile Include="Entity.cpp">
      <Filter>Source Files\Game\Assets\Super</Filter>
    </ClCompile>
    <ClCompile Include="Item.cpp">
      <Filter>Source Files\Game\Assets\Super</Filter>
    </ClCompile>
    <ClCompile Include="Magic.cpp">
      <Filter>Source Files\Game\Assets\Super</Filter>
    </ClCompile>
    <ClCompile Include="Terrain.cpp">
      <Filter>Source Files\Game\Assets\Super</Filter>
    </ClCompile>
    <ClCompile Include="Sprite.cpp">
      <Filter>Resource Files</Filter>
    </ClCompile>
    <ClCompile Include="Menu.cpp">
      <Filter>Source Files\Game\Assets\Super</Filter>
    </ClCompile>
    <ClCompile Include="Shop.cpp">
      <Filter>Source Files\Game\Assets\Super</Filter>
    </ClCompile>
    <ClCompile Include="Object.cpp">
      <Filter>Resource Files</Filter>
    </ClCompile>
    <ClCompile Include="HashTable.cpp">
      <Filter>Resource Files</Filter>
    </ClCompile>
    <ClCompile Include="Cartridge.cpp">
      <Filter>Source Files\Game</Filter>
    </ClCompile>
    <ClCompile Include="Game.cpp">
      <Filter>Source Files\Game Engine</Filter>
    </ClCompile>
  </ItemGroup>
  <ItemGroup>
    <ClInclude Include="Engine.h">
      <Filter>Header Files\Game Engine</Filter>
    </ClInclude>
    <ClInclude Include="Screen.h">
      <Filter>Header Files\Game Engine</Filter>
    </ClInclude>
    <ClInclude Include="Controller.h">
      <Filter>Header Files\Game Engine</Filter>
    </ClInclude>
    <ClInclude Include="Field.h">
      <Filter>Header Files\Resource</Filter>
    </ClInclude>
    <ClInclude Include="HashTable.h">
      <Filter>Header Files\Resource</Filter>
    </ClInclude>
    <ClInclude Include="Sprite.h">
      <Filter>Header Files\Resource</Filter>
    </ClInclude>
    <ClInclude Include="Object.h">
      <Filter>Header Files\Resource</Filter>
    </ClInclude>
    <ClInclude Include="Entity.h">
      <Filter>Header Files\Game\Assets\Super</Filter>
    </ClInclude>
    <ClInclude Include="Item.h">
      <Filter>Header Files\Game\Assets\Super</Filter>
    </ClInclude>
    <ClInclude Include="Input.h">
      <Filter>Header Files\Game Engine</Filter>
    </ClInclude>
    <ClInclude Include="Game.h">
      <Filter>Header Files\Game Engine</Filter>
    </ClInclude>
  </ItemGroup>
</Project>